
Microsoft Visual Studio Solution File, Format Version 12.00
Project("{FAE04EC0-301F-11D3-BF4B-00C04F79EFBC}") = "ProgramClient", "ProgramClient\ProgramClient.csproj", "{8CE12D6A-1ECE-455C-BA19-05CCB15A516F}"
EndProject
Project("{FAE04EC0-301F-11D3-BF4B-00C04F79EFBC}") = "ProgramServer", "ProgramServer\ProgramServer.csproj", "{0D417389-4AA4-4949-8BE1-3FE9EBAB8BA6}"
EndProject
Project("{FAE04EC0-301F-11D3-BF4B-00C04F79EFBC}") = "MyFTPTests", "MyFTPTests\MyFTPTests.csproj", "{3B24CB83-BD55-4CB6-9B41-14F645C0AA21}"
EndProject
Global
	GlobalSection(SolutionConfigurationPlatforms) = preSolution
		Debug|Any CPU = Debug|Any CPU
		Release|Any CPU = Release|Any CPU
	EndGlobalSection
	GlobalSection(ProjectConfigurationPlatforms) = postSolution
		{8CE12D6A-1ECE-455C-BA19-05CCB15A516F}.Debug|Any CPU.ActiveCfg = Debug|Any CPU
		{8CE12D6A-1ECE-455C-BA19-05CCB15A516F}.Debug|Any CPU.Build.0 = Debug|Any CPU
		{8CE12D6A-1ECE-455C-BA19-05CCB15A516F}.Release|Any CPU.ActiveCfg = Release|Any CPU
		{8CE12D6A-1ECE-455C-BA19-05CCB15A516F}.Release|Any CPU.Build.0 = Release|Any CPU
		{0D417389-4AA4-4949-8BE1-3FE9EBAB8BA6}.Debug|Any CPU.ActiveCfg = Debug|Any CPU
		{0D417389-4AA4-4949-8BE1-3FE9EBAB8BA6}.Debug|Any CPU.Build.0 = Debug|Any CPU
		{0D417389-4AA4-4949-8BE1-3FE9EBAB8BA6}.Release|Any CPU.ActiveCfg = Release|Any CPU
		{0D417389-4AA4-4949-8BE1-3FE9EBAB8BA6}.Release|Any CPU.Build.0 = Release|Any CPU
		{3B24CB83-BD55-4CB6-9B41-14F645C0AA21}.Debug|Any CPU.ActiveCfg = Debug|Any CPU
		{3B24CB83-BD55-4CB6-9B41-14F645C0AA21}.Debug|Any CPU.Build.0 = Debug|Any CPU
		{3B24CB83-BD55-4CB6-9B41-14F645C0AA21}.Release|Any CPU.ActiveCfg = Release|Any CPU
		{3B24CB83-BD55-4CB6-9B41-14F645C0AA21}.Release|Any CPU.Build.0 = Release|Any CPU
	EndGlobalSection
EndGlobal
